// !$*UTF8*$!
{
	archiveVersion = 1;
	classes = {
	};
	objectVersion = 46;
	objects = {

/* Begin PBXBuildFile section */
		F4B61F5D1EB32DB0005A57CF /* AppDelegate.swift in Sources */ = {isa = PBXBuildFile; fileRef = F4B61F5C1EB32DB0005A57CF /* AppDelegate.swift */; };
		F4B61F5F1EB32DB0005A57CF /* ViewController.swift in Sources */ = {isa = PBXBuildFile; fileRef = F4B61F5E1EB32DB0005A57CF /* ViewController.swift */; };
		F4B61F621EB32DB0005A57CF /* Main.storyboard in Resources */ = {isa = PBXBuildFile; fileRef = F4B61F601EB32DB0005A57CF /* Main.storyboard */; };
		F4B61F641EB32DB0005A57CF /* Assets.xcassets in Resources */ = {isa = PBXBuildFile; fileRef = F4B61F631EB32DB0005A57CF /* Assets.xcassets */; };
		F4B61F671EB32DB0005A57CF /* LaunchScreen.storyboard in Resources */ = {isa = PBXBuildFile; fileRef = F4B61F651EB32DB0005A57CF /* LaunchScreen.storyboard */; };
/* End PBXBuildFile section */

/* Begin PBXFileReference section */
		F4B61F591EB32DB0005A57CF /* MyHW2_1.app */ = {isa = PBXFileReference; explicitFileType = wrapper.application; includeInIndex = 0; path = MyHW2_1.app; sourceTree = BUILT_PRODUCTS_DIR; };
		F4B61F5C1EB32DB0005A57CF /* AppDelegate.swift */ = {isa = PBXFileReference; lastKnownFileType = sourcecode.swift; path = AppDelegate.swift; sourceTree = "<group>"; };
		F4B61F5E1EB32DB0005A57CF /* ViewController.swift */ = {isa = PBXFileReference; lastKnownFileType = sourcecode.swift; path = ViewController.swift; sourceTree = "<group>"; };
		F4B61F611EB32DB0005A57CF /* Base */ = {isa = PBXFileReference; lastKnownFileType = file.storyboard; name = Base; path = Base.lproj/Main.storyboard; sourceTree = "<group>"; };
		F4B61F631EB32DB0005A57CF /* Assets.xcassets */ = {isa = PBXFileReference; lastKnownFileType = folder.assetcatalog; path = Assets.xcassets; sourceTree = "<group>"; };
		F4B61F661EB32DB0005A57CF /* Base */ = {isa = PBXFileReference; lastKnownFileType = file.storyboard; name = Base; path = Base.lproj/LaunchScreen.storyboard; sourceTree = "<group>"; };
		F4B61F681EB32DB0005A57CF /* Info.plist */ = {isa = PBXFileReference; lastKnownFileType = text.plist.xml; path = Info.plist; sourceTree = "<group>"; };
/* End PBXFileReference section */

/* Begin PBXFrameworksBuildPhase section */
		F4B61F561EB32DB0005A57CF /* Frameworks */ = {
			isa = PBXFrameworksBuildPhase;
			buildActionMask = 2147483647;
			files = (
			);
			runOnlyForDeploymentPostprocessing = 0;
		};
/* End PBXFrameworksBuildPhase section */

/* Begin PBXGroup section */
		F4B61F501EB32DB0005A57CF = {
			isa = PBXGroup;
			children = (
				F4B61F5B1EB32DB0005A57CF /* MyHW2_1 */,
				F4B61F5A1EB32DB0005A57CF /* Products */,
			);
			sourceTree = "<group>";
		};
		F4B61F5A1EB32DB0005A57CF /* Products */ = {
			isa = PBXGroup;
			children = (
				F4B61F591EB32DB0005A57CF /* MyHW2_1.app */,
			);
			name = Products;
			sourceTree = "<group>";
		};
		F4B61F5B1EB32DB0005A57CF /* MyHW2_1 */ = {
			isa = PBXGroup;
			children = (
				F4B61F5C1EB32DB0005A57CF /* AppDelegate.swift */,
				F4B61F5E1EB32DB0005A57CF /* ViewController.swift */,
				F4B61F601EB32DB0005A57CF /* Main.storyboard */,
				F4B61F631EB32DB0005A57CF /* Assets.xcassets */,
				F4B61F651EB32DB0005A57CF /* LaunchScreen.storyboard */,
				F4B61F681EB32DB0005A57CF /* Info.plist */,
			);
			path = MyHW2_1;
			sourceTree = "<group>";
		};
/* End PBXGroup section */

/* Begin PBXNativeTarget section */
		F4B61F581EB32DB0005A57CF /* MyHW2_1 */ = {
			isa = PBXNativeTarget;
			buildConfigurationList = F4B61F6B1EB32DB0005A57CF /* Build configuration list for PBXNativeTarget "MyHW2_1" */;
			buildPhases = (
				F4B61F551EB32DB0005A57CF /* Sources */,
				F4B61F561EB32DB0005A57CF /* Frameworks */,
				F4B61F571EB32DB0005A57CF /* Resources */,
			);
			buildRules = (
			);
			dependencies = (
			);
			name = MyHW2_1;
			productName = MyHW2_1;
			productReference = F4B61F591EB32DB0005A57CF /* MyHW2_1.app */;
			productType = "com.apple.product-type.application";
		};
/* End PBXNativeTarget section */

/* Begin PBXProject section */
		F4B61F511EB32DB0005A57CF /* Project object */ = {
			isa = PBXProject;
			attributes = {
				LastSwiftUpdateCheck = 0830;
				LastUpgradeCheck = 0830;
				ORGANIZATIONNAME = "李佳蓁";
				TargetAttributes = {
					F4B61F581EB32DB0005A57CF = {
						CreatedOnToolsVersion = 8.3.2;
						ProvisioningStyle = Automatic;
					};
				};
			};
			buildConfigurationList = F4B61F541EB32DB0005A57CF /* Build configuration list for PBXProject "MyHW2_1" */;
			compatibilityVersion = "Xcode 3.2";
			developmentRegion = English;
			hasScannedForEncodings = 0;
			knownRegions = (
				en,
				Base,
			);
			mainGroup = F4B61F501EB32DB0005A57CF;
			productRefGroup = F4B61F5A1EB32DB0005A57CF /* Products */;
			projectDirPath = "";
			projectRoot = "";
			targets = (
				F4B61F581EB32DB0005A57CF /* MyHW2_1 */,
			);
		};
/* End PBXProject section */

/* Begin PBXResourcesBuildPhase section */
		F4B61F571EB32DB0005A57CF /* Resources */ = {
			isa = PBXResourcesBuildPhase;
			buildActionMask = 2147483647;
			files = (
				F4B61F671EB32DB0005A57CF /* LaunchScreen.storyboard in Resources */,
				F4B61F641EB32DB0005A57CF /* Assets.xcassets in Resources */,
				F4B61F621EB32DB0005A57CF /* Main.storyboard in Resources */,
			);
			runOnlyForDeploymentPostprocessing = 0;
		};
/* End PBXResourcesBuildPhase section */

/* Begin PBXSourcesBuildPhase section */
		F4B61F551EB32DB0005A57CF /* Sources */ = {
			isa = PBXSourcesBuildPhase;
			buildActionMask = 2147483647;
			files = (
				F4B61F5F1EB32DB0005A57CF /* ViewController.swift in Sources */,
				F4B61F5D1EB32DB0005A57CF /* AppDelegate.swift in Sources */,
			);
			runOnlyForDeploymentPostprocessing = 0;
		};
/* End PBXSourcesBuildPhase section */

/* Begin PBXVariantGroup section */
		F4B61F601EB32DB0005A57CF /* Main.storyboard */ = {
			isa = PBXVariantGroup;
			children = (
				F4B61F611EB32DB0005A57CF /* Base */,
			);
			name = Main.storyboard;
			sourceTree = "<group>";
		};
		F4B61F651EB32DB0005A57CF /* LaunchScreen.storyboard */ = {
			isa = PBXVariantGroup;
			children = (
				F4B61F661EB32DB0005A57CF /* Base */,
			);
			name = LaunchScreen.storyboard;
			sourceTree = "<group>";
		};
/* End PBXVariantGroup section */

/* Begin XCBuildConfiguration section */
		F4B61F691EB32DB0005A57CF /* Debug */ = {
			isa = XCBuildConfiguration;
			buildSettings = {
				ALWAYS_SEARCH_USER_PATHS = NO;
				CLANG_ANALYZER_NONNULL = YES;
				CLANG_ANALYZER_NUMBER_OBJECT_CONVERSION = YES_AGGRESSIVE;
				CLANG_CXX_LANGUAGE_STANDARD = "gnu++0x";
				CLANG_CXX_LIBRARY = "libc++";
				CLANG_ENABLE_MODULES = YES;
				CLANG_ENABLE_OBJC_ARC = YES;
				CLANG_WARN_BOOL_CONVERSION = YES;
				CLANG_WARN_CONSTANT_CONVERSION = YES;
				CLANG_WARN_DIRECT_OBJC_ISA_USAGE = YES_ERROR;
				CLANG_WARN_DOCUMENTATION_COMMENTS = YES;
				CLANG_WARN_EMPTY_BODY = YES;
				CLANG_WARN_ENUM_CONVERSION = YES;
				CLANG_WARN_INFINITE_RECURSION = YES;
				CLANG_WARN_INT_CONVERSION = YES;
				CLANG_WARN_OBJC_ROOT_CLASS = YES_ERROR;
				CLANG_WARN_SUSPICIOUS_MOVE = YES;
				CLANG_WARN_UNREACHABLE_CODE = YES;
				CLANG_WARN__DUPLICATE_METHOD_MATCH = YES;
				"CODE_SIGN_IDENTITY[sdk=iphoneos*]" = "iPhone Developer";
				COPY_PHASE_STRIP = NO;
				DEBUG_INFORMATION_FORMAT = dwarf;
				ENABLE_STRICT_OBJC_MSGSEND = YES;
				ENABLE_TESTABILITY = YES;
				GCC_C_LANGUAGE_STANDARD = gnu99;
				GCC_DYNAMIC_NO_PIC = NO;
				GCC_NO_COMMON_BLOCKS = YES;
				GCC_OPTIMIZATION_LEVEL = 0;
				GCC_PREPROCESSOR_DEFINITIONS = (
					"DEBUG=1",
					"$(inherited)",
				);
				GCC_WARN_64_TO_32_BIT_CONVERSION = YES;
				GCC_WARN_ABOUT_RETURN_TYPE = YES_ERROR;
				GCC_WARN_UNDECLARED_SELECTOR = YES;
				GCC_WARN_UNINITIALIZED_AUTOS = YES_AGGRESSIVE;
				GCC_WARN_UNUSED_FUNCTION = YES;
				GCC_WARN_UNUSED_VARIABLE = YES;
				IPHONEOS_DEPLOYMENT_TARGET = 10.3;
				MTL_ENABLE_DEBUG_INFO = YES;
				ONLY_ACTIVE_ARCH = YES;
				SDKROOT = iphoneos;
				SWIFT_ACTIVE_COMPILATION_CONDITIONS = DEBUG;
				SWIFT_OPTIMIZATION_LEVEL = "-Onone";
			};
			name = Debug;
		};
		F4B61F6A1EB32DB0005A57CF /* Release */ = {
			isa = XCBuildConfiguration;
			buildSettings = {
				ALWAYS_SEARCH_USER_PATHS = NO;
				CLANG_ANALYZER_NONNULL = YES;
				CLANG_ANALYZER_NUMBER_OBJECT_CONVERSION = YES_AGGRESSIVE;
				CLANG_CXX_LANGUAGE_STANDARD = "gnu++0x";
				CLANG_CXX_LIBRARY = "libc++";
				CLANG_ENABLE_MODULES = YES;
				CLANG_ENABLE_OBJC_ARC = YES;
				CLANG_WARN_BOOL_CONVERSION = YES;
				CLANG_WARN_CONSTANT_CONVERSION = YES;
				CLANG_WARN_DIRECT_OBJC_ISA_USAGE = YES_ERROR;
				CLANG_WARN_DOCUMENTATION_COMMENTS = YES;
				CLANG_WARN_EMPTY_BODY = YES;
				CLANG_WARN_ENUM_CONVERSION = YES;
				CLANG_WARN_INFINITE_RECURSION = YES;
				CLANG_WARN_INT_CONVERSION = YES;
				CLANG_WARN_OBJC_ROOT_CLASS = YES_ERROR;
				CLANG_WARN_SUSPICIOUS_MOVE = YES;
				CLANG_WARN_UNREACHABLE_CODE = YES;
				CLANG_WARN__DUPLICATE_METHOD_MATCH = YES;
				"CODE_SIGN_IDENTITY[sdk=iphoneos*]" = "iPhone Developer";
				COPY_PHASE_STRIP = NO;
				DEBUG_INFORMATION_FORMAT = "dwarf-with-dsym";
				ENABLE_NS_ASSERTIONS = NO;
				ENABLE_STRICT_OBJC_MSGSEND = YES;
				GCC_C_LANGUAGE_STANDARD = gnu99;
				GCC_NO_COMMON_BLOCKS = YES;
				GCC_WARN_64_TO_32_BIT_CONVERSION = YES;
				GCC_WARN_ABOUT_RETURN_TYPE = YES_ERROR;
				GCC_WARN_UNDECLARED_SELECTOR = YES;
				GCC_WARN_UNINITIALIZED_AUTOS = YES_AGGRESSIVE;
				GCC_WARN_UNUSED_FUNCTION = YES;
				GCC_WARN_UNUSED_VARIABLE = YES;
				IPHONEOS_DEPLOYMENT_TARGET = 10.3;
				MTL_ENABLE_DEBUG_INFO = NO;
				SDKROOT = iphoneos;
				SWIFT_OPTIMIZATION_LEVEL = "-Owholemodule";
				VALIDATE_PRODUCT = YES;
			};
			name = Release;
		};
		F4B61F6C1EB32DB0005A57CF /* Debug */ = {
			isa = XCBuildConfiguration;
			buildSettings = {
				ASSETCATALOG_COMPILER_APPICON_NAME = AppIcon;
				INFOPLIST_FILE = MyHW2_1/Info.plist;
				LD_RUNPATH_SEARCH_PATHS = "$(inherited) @executable_path/Frameworks";
				PRODUCT_BUNDLE_IDENTIFIER = "com.desiree.MyHW2-1";
				PRODUCT_NAME = "$(TARGET_NAME)";
				SWIFT_VERSION = 3.0;
			};
			name = Debug;
		};
		F4B61F6D1EB32DB0005A57CF /* Release */ = {
			isa = XCBuildConfiguration;
			buildSettings = {
				ASSETCATALOG_COMPILER_APPICON_NAME = AppIcon;
				INFOPLIST_FILE = MyHW2_1/Info.plist;
				LD_RUNPATH_SEARCH_PATHS = "$(inherited) @executable_path/Frameworks";
				PRODUCT_BUNDLE_IDENTIFIER = "com.desiree.MyHW2-1";
				PRODUCT_NAME = "$(TARGET_NAME)";
				SWIFT_VERSION = 3.0;
			};
			name = Release;
		};
/* End XCBuildConfiguration section */

/* Begin XCConfigurationList section */
		F4B61F541EB32DB0005A57CF /* Build configuration list for PBXProject "MyHW2_1" */ = {
			isa = XCConfigurationList;
			buildConfigurations = (
				F4B61F691EB32DB0005A57CF /* Debug */,
				F4B61F6A1EB32DB0005A57CF /* Release */,
			);
			defaultConfigurationIsVisible = 0;
			defaultConfigurationName = Release;
		};
		F4B61F6B1EB32DB0005A57CF /* Build configuration list for PBXNativeTarget "MyHW2_1" */ = {
			isa = XCConfigurationList;
			buildConfigurations = (
				F4B61F6C1EB32DB0005A57CF /* Debug */,
				F4B61F6D1EB32DB0005A57CF /* Release */,
			);
			defaultConfigurationIsVisible = 0;
		};
/* End XCConfigurationList section */
	};
	rootObject = F4B61F511EB32DB0005A57CF /* Project object */;
}
